
Microsoft Visual Studio Solution File, Format Version 12.00
# Visual Studio Version 16
VisualStudioVersion = 16.0.31205.134
MinimumVisualStudioVersion = 10.0.40219.1
Project("{FAE04EC0-301F-11D3-BF4B-00C04F79EFBC}") = "Businessfollowe", "Businessfollowe\Businessfollowe.csproj", "{1AEF3B51-0155-40A4-8897-9E10C6A4D326}"
EndProject
Global
	GlobalSection(SolutionConfigurationPlatforms) = preSolution
		Debug|Any CPU = Debug|Any CPU
		Release|Any CPU = Release|Any CPU
	EndGlobalSection
	GlobalSection(ProjectConfigurationPlatforms) = postSolution
		{1AEF3B51-0155-40A4-8897-9E10C6A4D326}.Debug|Any CPU.ActiveCfg = Debug|Any CPU
		{1AEF3B51-0155-40A4-8897-9E10C6A4D326}.Debug|Any CPU.Build.0 = Debug|Any CPU
		{1AEF3B51-0155-40A4-8897-9E10C6A4D326}.Release|Any CPU.ActiveCfg = Release|Any CPU
		{1AEF3B51-0155-40A4-8897-9E10C6A4D326}.Release|Any CPU.Build.0 = Release|Any CPU
	EndGlobalSection
	GlobalSection(SolutionProperties) = preSolution
		HideSolutionNode = FALSE
	EndGlobalSection
	GlobalSection(ExtensibilityGlobals) = postSolution
		SolutionGuid = {A78CBC01-4DE5-46F3-9759-AF638787C157}
	EndGlobalSection
EndGlobal
